PODS:
  - Flutter (1.0.0)
  - flutter_blue_plus (0.0.1):
    - Flutter
  - flutter_secure_storage (6.0.0):
    - Flutter
  - iamport_flutter (0.0.1):
    - Flutter
  - iamport_webview_flutter (0.0.1):
    - Flutter
  - path_provider_foundation (0.0.1):
    - Flutter
    - FlutterMacOS
  - pedometer (0.0.1):
    - Flutter
  - rive_common (0.0.1):
    - Flutter
  - uni_links (0.0.1):
    - Flutter
  - url_launcher_ios (0.0.1):
    - Flutter

DEPENDENCIES:
  - Flutter (from `Flutter`)
  - flutter_blue_plus (from `.symlinks/plugins/flutter_blue_plus/ios`)
  - flutter_secure_storage (from `.symlinks/plugins/flutter_secure_storage/ios`)
  - iamport_flutter (from `.symlinks/plugins/iamport_flutter/ios`)
  - iamport_webview_flutter (from `.symlinks/plugins/iamport_webview_flutter/ios`)
  - path_provider_foundation (from `.symlinks/plugins/path_provider_foundation/darwin`)
  - pedometer (from `.symlinks/plugins/pedometer/ios`)
  - rive_common (from `.symlinks/plugins/rive_common/ios`)
  - uni_links (from `.symlinks/plugins/uni_links/ios`)
  - url_launcher_ios (from `.symlinks/plugins/url_launcher_ios/ios`)

EXTERNAL SOURCES:
  Flutter:
    :path: Flutter
  flutter_blue_plus:
    :path: ".symlinks/plugins/flutter_blue_plus/ios"
  flutter_secure_storage:
    :path: ".symlinks/plugins/flutter_secure_storage/ios"
  iamport_flutter:
    :path: ".symlinks/plugins/iamport_flutter/ios"
  iamport_webview_flutter:
    :path: ".symlinks/plugins/iamport_webview_flutter/ios"
  path_provider_foundation:
    :path: ".symlinks/plugins/path_provider_foundation/darwin"
  pedometer:
    :path: ".symlinks/plugins/pedometer/ios"
  rive_common:
    :path: ".symlinks/plugins/rive_common/ios"
  uni_links:
    :path: ".symlinks/plugins/uni_links/ios"
  url_launcher_ios:
    :path: ".symlinks/plugins/url_launcher_ios/ios"

SPEC CHECKSUMS:
  Flutter: e0871f40cf51350855a761d2e70bf5af5b9b5de7
  flutter_blue_plus: 4837da7d00cf5d441fdd6635b3a57f936778ea96
  flutter_secure_storage: 23fc622d89d073675f2eaa109381aefbcf5a49be
  iamport_flutter: f698983444b7c0f83e356407631cfeec77a776bf
  iamport_webview_flutter: 70dbc31045e4cf7a0c829b76c6f8319dc94b299e
  path_provider_foundation: 29f094ae23ebbca9d3d0cec13889cd9060c0e943
  pedometer: 381969883680ade42559782cc41a3bbd453d8234
  rive_common: 3a4c254c6e4db7e4b9e05daeb3d1f47ae4f7bf76
  uni_links: d97da20c7701486ba192624d99bffaaffcfc298a
  url_launcher_ios: bf5ce03e0e2088bad9cc378ea97fa0ed5b49673b

PODFILE CHECKSUM: 819463e6a0290f5a72f145ba7cde16e8b6ef0796

COCOAPODS: 1.15.2
